// !$*UTF8*$!
{
	archiveVersion = 1;
	classes = {
	};
	objectVersion = 46;
	objects = {

/* Begin PBXBuildFile section */
		2603D93B1EADC8D20069B132 /* AppDelegate.swift in Sources */ = {isa = PBXBuildFile; fileRef = 2603D93A1EADC8D20069B132 /* AppDelegate.swift */; };
		2603D9401EADC8D20069B132 /* Main.storyboard in Resources */ = {isa = PBXBuildFile; fileRef = 2603D93E1EADC8D20069B132 /* Main.storyboard */; };
		2603D9421EADC8D20069B132 /* Assets.xcassets in Resources */ = {isa = PBXBuildFile; fileRef = 2603D9411EADC8D20069B132 /* Assets.xcassets */; };
		2603D9451EADC8D20069B132 /* LaunchScreen.storyboard in Resources */ = {isa = PBXBuildFile; fileRef = 2603D9431EADC8D20069B132 /* LaunchScreen.storyboard */; };
		2603D9591EADCA3B0069B132 /* libWeChatSDK.a in Frameworks */ = {isa = PBXBuildFile; fileRef = 2603D9511EADCA3B0069B132 /* libWeChatSDK.a */; };
		2603D95A1EADCA3C0069B132 /* README.txt in Resources */ = {isa = PBXBuildFile; fileRef = 2603D9521EADCA3B0069B132 /* README.txt */; };
		2603D95B1EADCA3C0069B132 /* WXApiManager.m in Sources */ = {isa = PBXBuildFile; fileRef = 2603D9561EADCA3B0069B132 /* WXApiManager.m */; settings = {COMPILER_FLAGS = "-fno-objc-arc"; }; };
		2603D95C1EADCA3C0069B132 /* WXTool.swift in Sources */ = {isa = PBXBuildFile; fileRef = 2603D9581EADCA3B0069B132 /* WXTool.swift */; };
		2603D95F1EADCAF30069B132 /* CFNetwork.framework in Frameworks */ = {isa = PBXBuildFile; fileRef = 2603D95E1EADCAF30069B132 /* CFNetwork.framework */; };
		2603D9611EADCB020069B132 /* CoreTelephony.framework in Frameworks */ = {isa = PBXBuildFile; fileRef = 2603D9601EADCB020069B132 /* CoreTelephony.framework */; };
		2603D9631EADCB0C0069B132 /* Security.framework in Frameworks */ = {isa = PBXBuildFile; fileRef = 2603D9621EADCB0C0069B132 /* Security.framework */; };
		2603D9651EADCB170069B132 /* libc++.tbd in Frameworks */ = {isa = PBXBuildFile; fileRef = 2603D9641EADCB170069B132 /* libc++.tbd */; };
		2603D9671EADCB490069B132 /* libsqlite3.0.tbd in Frameworks */ = {isa = PBXBuildFile; fileRef = 2603D9661EADCB490069B132 /* libsqlite3.0.tbd */; };
		2603D9691EADCB6F0069B132 /* Common.swift in Sources */ = {isa = PBXBuildFile; fileRef = 2603D9681EADCB6F0069B132 /* Common.swift */; };
		2603D96B1EADCCF10069B132 /* libz.tbd in Frameworks */ = {isa = PBXBuildFile; fileRef = 2603D96A1EADCCF10069B132 /* libz.tbd */; };
		2603D96D1EADCCFB0069B132 /* SystemConfiguration.framework in Frameworks */ = {isa = PBXBuildFile; fileRef = 2603D96C1EADCCFB0069B132 /* SystemConfiguration.framework */; };
		2603D96F1EADCD440069B132 /* CustomAlertView.swift in Sources */ = {isa = PBXBuildFile; fileRef = 2603D96E1EADCD440069B132 /* CustomAlertView.swift */; };
		2603D9711EADCD830069B132 /* ViewController.swift in Sources */ = {isa = PBXBuildFile; fileRef = 2603D9701EADCD830069B132 /* ViewController.swift */; };
		2603D9731EADD1BB0069B132 /* MainGameViewController.swift in Sources */ = {isa = PBXBuildFile; fileRef = 2603D9721EADD1BB0069B132 /* MainGameViewController.swift */; };
		2603D9791EADD3AA0069B132 /* PersonMsgView.swift in Sources */ = {isa = PBXBuildFile; fileRef = 2603D9781EADD3AA0069B132 /* PersonMsgView.swift */; };
		2603D9BD1EADE7E20069B132 /* ScrollLabel.swift in Sources */ = {isa = PBXBuildFile; fileRef = 2603D9BC1EADE7E20069B132 /* ScrollLabel.swift */; };
		2603D9C11EADF1A60069B132 /* AbortVC.swift in Sources */ = {isa = PBXBuildFile; fileRef = 2603D9C01EADF1A60069B132 /* AbortVC.swift */; };
		260AFF3F1EAF68360032F0BC /* RecorderVC.swift in Sources */ = {isa = PBXBuildFile; fileRef = 260AFF3E1EAF68360032F0BC /* RecorderVC.swift */; };
		260AFF441EAF6B130032F0BC /* AvdioTool.swift in Sources */ = {isa = PBXBuildFile; fileRef = 260AFF431EAF6B130032F0BC /* AvdioTool.swift */; };
		260AFF461EAF713E0032F0BC /* AVFoundation.framework in Frameworks */ = {isa = PBXBuildFile; fileRef = 260AFF451EAF713E0032F0BC /* AVFoundation.framework */; };
		260AFF481EAF71480032F0BC /* UIKit.framework in Frameworks */ = {isa = PBXBuildFile; fileRef = 260AFF471EAF71480032F0BC /* UIKit.framework */; };
		260C66611EB23415006C119E /* POPAnimatableProperty.mm in Sources */ = {isa = PBXBuildFile; fileRef = 260C66301EB23415006C119E /* POPAnimatableProperty.mm */; };
		260C66621EB23415006C119E /* POPAnimation.mm in Sources */ = {isa = PBXBuildFile; fileRef = 260C66321EB23415006C119E /* POPAnimation.mm */; };
		260C66631EB23415006C119E /* POPAnimationEvent.mm in Sources */ = {isa = PBXBuildFile; fileRef = 260C66341EB23415006C119E /* POPAnimationEvent.mm */; };
		260C66641EB23415006C119E /* POPAnimationExtras.mm in Sources */ = {isa = PBXBuildFile; fileRef = 260C66371EB23415006C119E /* POPAnimationExtras.mm */; };
		260C66651EB23415006C119E /* POPAnimationRuntime.mm in Sources */ = {isa = PBXBuildFile; fileRef = 260C663B1EB23415006C119E /* POPAnimationRuntime.mm */; };
		260C66661EB23415006C119E /* POPAnimationTracer.mm in Sources */ = {isa = PBXBuildFile; fileRef = 260C663D1EB23415006C119E /* POPAnimationTracer.mm */; };
		260C66671EB23415006C119E /* POPAnimator.mm in Sources */ = {isa = PBXBuildFile; fileRef = 260C66401EB23415006C119E /* POPAnimator.mm */; };
		260C66681EB23415006C119E /* POPBasicAnimation.mm in Sources */ = {isa = PBXBuildFile; fileRef = 260C66431EB23415006C119E /* POPBasicAnimation.mm */; };
		260C66691EB23415006C119E /* POPCGUtils.mm in Sources */ = {isa = PBXBuildFile; fileRef = 260C66461EB23415006C119E /* POPCGUtils.mm */; };
		260C666A1EB23415006C119E /* POPCustomAnimation.mm in Sources */ = {isa = PBXBuildFile; fileRef = 260C66481EB23415006C119E /* POPCustomAnimation.mm */; };
		260C666B1EB23415006C119E /* POPDecayAnimation.mm in Sources */ = {isa = PBXBuildFile; fileRef = 260C664A1EB23415006C119E /* POPDecayAnimation.mm */; };
		260C666C1EB23415006C119E /* POPGeometry.mm in Sources */ = {isa = PBXBuildFile; fileRef = 260C664E1EB23415006C119E /* POPGeometry.mm */; };
		260C666D1EB23415006C119E /* POPLayerExtras.mm in Sources */ = {isa = PBXBuildFile; fileRef = 260C66501EB23415006C119E /* POPLayerExtras.mm */; };
		260C666E1EB23415006C119E /* POPMath.mm in Sources */ = {isa = PBXBuildFile; fileRef = 260C66521EB23415006C119E /* POPMath.mm */; };
		260C666F1EB23415006C119E /* POPPropertyAnimation.mm in Sources */ = {isa = PBXBuildFile; fileRef = 260C66541EB23415006C119E /* POPPropertyAnimation.mm */; };
		260C66701EB23415006C119E /* POPSpringAnimation.mm in Sources */ = {isa = PBXBuildFile; fileRef = 260C66571EB23415006C119E /* POPSpringAnimation.mm */; };
		260C66711EB23415006C119E /* POPVector.mm in Sources */ = {isa = PBXBuildFile; fileRef = 260C665B1EB23415006C119E /* POPVector.mm */; };
		260C66721EB23415006C119E /* TransformationMatrix.cpp in Sources */ = {isa = PBXBuildFile; fileRef = 260C665E1EB23415006C119E /* TransformationMatrix.cpp */; };
		260C66DE1EB23831006C119E /* PopViewController.swift in Sources */ = {isa = PBXBuildFile; fileRef = 260C66DD1EB23831006C119E /* PopViewController.swift */; };
		262E1C3A1EB1CBDE007CC745 /* CaptureScreenTool.swift in Sources */ = {isa = PBXBuildFile; fileRef = 262E1C391EB1CBDE007CC745 /* CaptureScreenTool.swift */; };
		263D7F6E1EB1BA770064D1C5 /* BtnWithLongPress.swift in Sources */ = {isa = PBXBuildFile; fileRef = 263D7F6D1EB1BA770064D1C5 /* BtnWithLongPress.swift */; };
		263D7F701EB1C5C70064D1C5 /* CaptureScreen.swift in Sources */ = {isa = PBXBuildFile; fileRef = 263D7F6F1EB1C5C70064D1C5 /* CaptureScreen.swift */; };
		263D7F721EB1C8610064D1C5 /* scree.png in Resources */ = {isa = PBXBuildFile; fileRef = 263D7F711EB1C8610064D1C5 /* scree.png */; };
		2657FD951EB851EC00B92648 /* VoicieControl.swift in Sources */ = {isa = PBXBuildFile; fileRef = 2657FD941EB851EC00B92648 /* VoicieControl.swift */; };
		2657FD971EB860F900B92648 /* ControlVoice.swift in Sources */ = {isa = PBXBuildFile; fileRef = 2657FD961EB860F900B92648 /* ControlVoice.swift */; };
		2657FD991EB8642C00B92648 /* ViewAnimation.swift in Sources */ = {isa = PBXBuildFile; fileRef = 2657FD981EB8642C00B92648 /* ViewAnimation.swift */; };
		2657FD9B1EB872C300B92648 /* ScaleView.swift in Sources */ = {isa = PBXBuildFile; fileRef = 2657FD9A1EB872C300B92648 /* ScaleView.swift */; };
		2657FD9D1EB8809100B92648 /* DelayTimerTool.swift in Sources */ = {isa = PBXBuildFile; fileRef = 2657FD9C1EB8809100B92648 /* DelayTimerTool.swift */; };
		2657FD9F1EB96F6700B92648 /* Zapfino.ttf in Resources */ = {isa = PBXBuildFile; fileRef = 2657FD9E1EB96F6700B92648 /* Zapfino.ttf */; };
		2657FDA11EB96F9300B92648 /* FontVC.swift in Sources */ = {isa = PBXBuildFile; fileRef = 2657FDA01EB96F9300B92648 /* FontVC.swift */; };
		2657FDAD1EB97CD700B92648 /* Libian.ttc in Resources */ = {isa = PBXBuildFile; fileRef = 2657FDAC1EB97CD700B92648 /* Libian.ttc */; };
		2657FDB51EB97F7200B92648 /* Xingkai.ttc in Resources */ = {isa = PBXBuildFile; fileRef = 2657FDB41EB97F7200B92648 /* Xingkai.ttc */; };
		2657FDBA1EB982E100B92648 /* DeskCards.swift in Sources */ = {isa = PBXBuildFile; fileRef = 2657FDB91EB982E100B92648 /* DeskCards.swift */; };
		2657FDBC1EB984FE00B92648 /* sss.png in Resources */ = {isa = PBXBuildFile; fileRef = 2657FDBB1EB984FE00B92648 /* sss.png */; };
		2657FDBE1EB9B95400B92648 /* PlayCommon.swift in Sources */ = {isa = PBXBuildFile; fileRef = 2657FDBD1EB9B95400B92648 /* PlayCommon.swift */; };
		265B852A1EB20CC20080AC62 /* TimerTest.swift in Sources */ = {isa = PBXBuildFile; fileRef = 265B85291EB20CC20080AC62 /* TimerTest.swift */; };
		266EC2031EBC854000AEA31C /* TimerLabel.swift in Sources */ = {isa = PBXBuildFile; fileRef = 266EC2021EBC854000AEA31C /* TimerLabel.swift */; };
		26AD0FF91EBD6B1800E4BEB7 /* TImerTool.swift in Sources */ = {isa = PBXBuildFile; fileRef = 26AD0FF81EBD6B1800E4BEB7 /* TImerTool.swift */; };
		26BC61301EB2EB6C00AE9BE1 /* CountDownBtn.swift in Sources */ = {isa = PBXBuildFile; fileRef = 26BC612F1EB2EB6C00AE9BE1 /* CountDownBtn.swift */; };
		26BC613A1EB4250600AE9BE1 /* CollectVC.swift in Sources */ = {isa = PBXBuildFile; fileRef = 26BC61391EB4250600AE9BE1 /* CollectVC.swift */; };
		26BC613C1EB4253B00AE9BE1 /* CollectionViewCell.swift in Sources */ = {isa = PBXBuildFile; fileRef = 26BC613B1EB4253B00AE9BE1 /* CollectionViewCell.swift */; };
		26CAF9BD1EB4C219003065B8 /* LabelRepeat.swift in Sources */ = {isa = PBXBuildFile; fileRef = 26CAF9BC1EB4C219003065B8 /* LabelRepeat.swift */; };
		26F41BEF1EB09B4100F4A929 /* amrFileCodec.mm in Sources */ = {isa = PBXBuildFile; fileRef = 26F41BE31EB09B4100F4A929 /* amrFileCodec.mm */; };
		26F41BF01EB09B4100F4A929 /* libopencore-amrnb.a in Frameworks */ = {isa = PBXBuildFile; fileRef = 26F41BE51EB09B4100F4A929 /* libopencore-amrnb.a */; };
		26F41BF11EB09B4100F4A929 /* libopencore-amrwb.a in Frameworks */ = {isa = PBXBuildFile; fileRef = 26F41BE61EB09B4100F4A929 /* libopencore-amrwb.a */; };
		26F41BF21EB09B4100F4A929 /* VoiceConverter.mm in Sources */ = {isa = PBXBuildFile; fileRef = 26F41BEE1EB09B4100F4A929 /* VoiceConverter.mm */; };
		26F41BF51EB0B28A00F4A929 /* WavConvert.m in Sources */ = {isa = PBXBuildFile; fileRef = 26F41BF41EB0B28A00F4A929 /* WavConvert.m */; };
/* End PBXBuildFile section */

/* Begin PBXFileReference section */
		2603D9371EADC8D20069B132 /* NN.app */ = {isa = PBXFileReference; explicitFileType = wrapper.application; includeInIndex = 0; path = NN.app; sourceTree = BUILT_PRODUCTS_DIR; };
		2603D93A1EADC8D20069B132 /* AppDelegate.swift */ = {isa = PBXFileReference; lastKnownFileType = sourcecode.swift; path = AppDelegate.swift; sourceTree = "<group>"; };
		2603D93F1EADC8D20069B132 /* Base */ = {isa = PBXFileReference; lastKnownFileType = file.storyboard; name = Base; path = Base.lproj/Main.storyboard; sourceTree = "<group>"; };
		2603D9411EADC8D20069B132 /* Assets.xcassets */ = {isa = PBXFileReference; lastKnownFileType = folder.assetcatalog; path = Assets.xcassets; sourceTree = "<group>"; };
		2603D9441EADC8D20069B132 /* Base */ = {isa = PBXFileReference; lastKnownFileType = file.storyboard; name = Base; path = Base.lproj/LaunchScreen.storyboard; sourceTree = "<group>"; };
		2603D9461EADC8D20069B132 /* Info.plist */ = {isa = PBXFileReference; lastKnownFileType = text.plist.xml; path = Info.plist; sourceTree = "<group>"; };
		2603D94C1EADCA160069B132 /* NN-Bridging-Header.h */ = {isa = PBXFileReference; lastKnownFileType = sourcecode.c.h; path = "NN-Bridging-Header.h"; sourceTree = "<group>"; };
		2603D9511EADCA3B0069B132 /* libWeChatSDK.a */ = {isa = PBXFileReference; lastKnownFileType = archive.ar; path = libWeChatSDK.a; sourceTree = "<group>"; };
		2603D9521EADCA3B0069B132 /* README.txt */ = {isa = PBXFileReference; fileEncoding = 4; lastKnownFileType = text; path = README.txt; sourceTree = "<group>"; };
		2603D9531EADCA3B0069B132 /* WechatAuthSDK.h */ = {isa = PBXFileReference; fileEncoding = 4; lastKnownFileType = sourcecode.c.h; path = WechatAuthSDK.h; sourceTree = "<group>"; };
		2603D9541EADCA3B0069B132 /* WXApi.h */ = {isa = PBXFileReference; fileEncoding = 4; lastKnownFileType = sourcecode.c.h; path = WXApi.h; sourceTree = "<group>"; };
		2603D9551EADCA3B0069B132 /* WXApiManager.h */ = {isa = PBXFileReference; fileEncoding = 4; lastKnownFileType = sourcecode.c.h; path = WXApiManager.h; sourceTree = "<group>"; };
		2603D9561EADCA3B0069B132 /* WXApiManager.m */ = {isa = PBXFileReference; fileEncoding = 4; lastKnownFileType = sourcecode.c.objc; path = WXApiManager.m; sourceTree = "<group>"; };
		2603D9571EADCA3B0069B132 /* WXApiObject.h */ = {isa = PBXFileReference; fileEncoding = 4; lastKnownFileType = sourcecode.c.h; path = WXApiObject.h; sourceTree = "<group>"; };
		2603D9581EADCA3B0069B132 /* WXTool.swift */ = {isa = PBXFileReference; fileEncoding = 4; lastKnownFileType = sourcecode.swift; path = WXTool.swift; sourceTree = "<group>"; };
		2603D95E1EADCAF30069B132 /* CFNetwork.framework */ = {isa = PBXFileReference; lastKnownFileType = wrapper.framework; name = CFNetwork.framework; path = System/Library/Frameworks/CFNetwork.framework; sourceTree = SDKROOT; };
		2603D9601EADCB020069B132 /* CoreTelephony.framework */ = {isa = PBXFileReference; lastKnownFileType = wrapper.framework; name = CoreTelephony.framework; path = System/Library/Frameworks/CoreTelephony.framework; sourceTree = SDKROOT; };
		2603D9621EADCB0C0069B132 /* Security.framework */ = {isa = PBXFileReference; lastKnownFileType = wrapper.framework; name = Security.framework; path = System/Library/Frameworks/Security.framework; sourceTree = SDKROOT; };
		2603D9641EADCB170069B132 /* libc++.tbd */ = {isa = PBXFileReference; lastKnownFileType = "sourcecode.text-based-dylib-definition"; name = "libc++.tbd"; path = "usr/lib/libc++.tbd"; sourceTree = SDKROOT; };
		2603D9661EADCB490069B132 /* libsqlite3.0.tbd */ = {isa = PBXFileReference; lastKnownFileType = "sourcecode.text-based-dylib-definition"; name = libsqlite3.0.tbd; path = usr/lib/libsqlite3.0.tbd; sourceTree = SDKROOT; };
		2603D9681EADCB6F0069B132 /* Common.swift */ = {isa = PBXFileReference; fileEncoding = 4; lastKnownFileType = sourcecode.swift; path = Common.swift; sourceTree = "<group>"; };
		2603D96A1EADCCF10069B132 /* libz.tbd */ = {isa = PBXFileReference; lastKnownFileType = "sourcecode.text-based-dylib-definition"; name = libz.tbd; path = usr/lib/libz.tbd; sourceTree = SDKROOT; };
		2603D96C1EADCCFB0069B132 /* SystemConfiguration.framework */ = {isa = PBXFileReference; lastKnownFileType = wrapper.framework; name = SystemConfiguration.framework; path = System/Library/Frameworks/SystemConfiguration.framework; sourceTree = SDKROOT; };
		2603D96E1EADCD440069B132 /* CustomAlertView.swift */ = {isa = PBXFileReference; fileEncoding = 4; lastKnownFileType = sourcecode.swift; path = CustomAlertView.swift; sourceTree = "<group>"; };
		2603D9701EADCD830069B132 /* ViewController.swift */ = {isa = PBXFileReference; fileEncoding = 4; lastKnownFileType = sourcecode.swift; path = ViewController.swift; sourceTree = "<group>"; };
		2603D9721EADD1BB0069B132 /* MainGameViewController.swift */ = {isa = PBXFileReference; fileEncoding = 4; lastKnownFileType = sourcecode.swift; name = MainGameViewController.swift; path = ../MainGameViewController.swift; sourceTree = "<group>"; };
		2603D9781EADD3AA0069B132 /* PersonMsgView.swift */ = {isa = PBXFileReference; fileEncoding = 4; lastKnownFileType = sourcecode.swift; path = PersonMsgView.swift; sourceTree = "<group>"; };
		2603D9BC1EADE7E20069B132 /* ScrollLabel.swift */ = {isa = PBXFileReference; fileEncoding = 4; lastKnownFileType = sourcecode.swift; path = ScrollLabel.swift; sourceTree = "<group>"; };
		2603D9C01EADF1A60069B132 /* AbortVC.swift */ = {isa = PBXFileReference; fileEncoding = 4; lastKnownFileType = sourcecode.swift; name = AbortVC.swift; path = Weixin/AbortVC.swift; sourceTree = "<group>"; };
		260AFF3E1EAF68360032F0BC /* RecorderVC.swift */ = {isa = PBXFileReference; fileEncoding = 4; lastKnownFileType = sourcecode.swift; path = RecorderVC.swift; sourceTree = "<group>"; };
		260AFF431EAF6B130032F0BC /* AvdioTool.swift */ = {isa = PBXFileReference; fileEncoding = 4; lastKnownFileType = sourcecode.swift; path = AvdioTool.swift; sourceTree = "<group>"; };
		260AFF451EAF713E0032F0BC /* AVFoundation.framework */ = {isa = PBXFileReference; lastKnownFileType = wrapper.framework; name = AVFoundation.framework; path = System/Library/Frameworks/AVFoundation.framework; sourceTree = SDKROOT; };
		260AFF471EAF71480032F0BC /* UIKit.framework */ = {isa = PBXFileReference; lastKnownFileType = wrapper.framework; name = UIKit.framework; path = System/Library/Frameworks/UIKit.framework; sourceTree = SDKROOT; };
		260C662D1EB23415006C119E /* POP.h */ = {isa = PBXFileReference; fileEncoding = 4; lastKnownFileType = sourcecode.c.h; path = POP.h; sourceTree = "<group>"; };
		260C662E1EB23415006C119E /* POPAction.h */ = {isa = PBXFileReference; fileEncoding = 4; lastKnownFileType = sourcecode.c.h; path = POPAction.h; sourceTree = "<group>"; };
		260C662F1EB23415006C119E /* POPAnimatableProperty.h */ = {isa = PBXFileReference; fileEncoding = 4; lastKnownFileType = sourcecode.c.h; path = POPAnimatableProperty.h; sourceTree = "<group>"; };
		260C66301EB23415006C119E /* POPAnimatableProperty.mm */ = {isa = PBXFileReference; fileEncoding = 4; lastKnownFileType = sourcecode.cpp.objcpp; path = POPAnimatableProperty.mm; sourceTree = "<group>"; };
		260C66311EB23415006C119E /* POPAnimation.h */ = {isa = PBXFileReference; fileEncoding = 4; lastKnownFileType = sourcecode.c.h; path = POPAnimation.h; sourceTree = "<group>"; };
		260C66321EB23415006C119E /* POPAnimation.mm */ = {isa = PBXFileReference; fileEncoding = 4; lastKnownFileType = sourcecode.cpp.objcpp; path = POPAnimation.mm; sourceTree = "<group>"; };
		260C66331EB23415006C119E /* POPAnimationEvent.h */ = {isa = PBXFileReference; fileEncoding = 4; lastKnownFileType = sourcecode.c.h; path = POPAnimationEvent.h; sourceTree = "<group>"; };
		260C66341EB23415006C119E /* POPAnimationEvent.mm */ = {isa = PBXFileReference; fileEncoding = 4; lastKnownFileType = sourcecode.cpp.objcpp; path = POPAnimationEvent.mm; sourceTree = "<group>"; };
		260C66351EB23415006C119E /* POPAnimationEventInternal.h */ = {isa = PBXFileReference; fileEncoding = 4; lastKnownFileType = sourcecode.c.h; path = POPAnimationEventInternal.h; sourceTree = "<group>"; };
		260C66361EB23415006C119E /* POPAnimationExtras.h */ = {isa = PBXFileReference; fileEncoding = 4; lastKnownFileType = sourcecode.c.h; path = POPAnimationExtras.h; sourceTree = "<group>"; };
		260C66371EB23415006C119E /* POPAnimationExtras.mm */ = {isa = PBXFileReference; fileEncoding = 4; lastKnownFileType = sourcecode.cpp.objcpp; path = POPAnimationExtras.mm; sourceTree = "<group>"; };
		260C66381EB23415006C119E /* POPAnimationInternal.h */ = {isa = PBXFileReference; fileEncoding = 4; lastKnownFileType = sourcecode.c.h; path = POPAnimationInternal.h; sourceTree = "<group>"; };
		260C66391EB23415006C119E /* POPAnimationPrivate.h */ = {isa = PBXFileReference; fileEncoding = 4; lastKnownFileType = sourcecode.c.h; path = POPAnimationPrivate.h; sourceTree = "<group>"; };
		260C663A1EB23415006C119E /* POPAnimationRuntime.h */ = {isa = PBXFileReference; fileEncoding = 4; lastKnownFileType = sourcecode.c.h; path = POPAnimationRuntime.h; sourceTree = "<group>"; };
		260C663B1EB23415006C119E /* POPAnimationRuntime.mm */ = {isa = PBXFileReference; fileEncoding = 4; lastKnownFileType = sourcecode.cpp.objcpp; path = POPAnimationRuntime.mm; sourceTree = "<group>"; };
		260C663C1EB23415006C119E /* POPAnimationTracer.h */ = {isa = PBXFileReference; fileEncoding = 4; lastKnownFileType = sourcecode.c.h; path = POPAnimationTracer.h; sourceTree = "<group>"; };
		260C663D1EB23415006C119E /* POPAnimationTracer.mm */ = {isa = PBXFileReference; fileEncoding = 4; lastKnownFileType = sourcecode.cpp.objcpp; path = POPAnimationTracer.mm; sourceTree = "<group>"; };
		260C663E1EB23415006C119E /* POPAnimationTracerInternal.h */ = {isa = PBXFileReference; fileEncoding = 4; lastKnownFileType = sourcecode.c.h; path = POPAnimationTracerInternal.h; sourceTree = "<group>"; };
		260C663F1EB23415006C119E /* POPAnimator.h */ = {isa = PBXFileReference; fileEncoding = 4; lastKnownFileType = sourcecode.c.h; path = POPAnimator.h; sourceTree = "<group>"; };
		260C66401EB23415006C119E /* POPAnimator.mm */ = {isa = PBXFileReference; fileEncoding = 4; lastKnownFileType = sourcecode.cpp.objcpp; path = POPAnimator.mm; sourceTree = "<group>"; };
		260C66411EB23415006C119E /* POPAnimatorPrivate.h */ = {isa = PBXFileReference; fileEncoding = 4; lastKnownFileType = sourcecode.c.h; path = POPAnimatorPrivate.h; sourceTree = "<group>"; };
		260C66421EB23415006C119E /* POPBasicAnimation.h */ = {isa = PBXFileReference; fileEncoding = 4; lastKnownFileType = sourcecode.c.h; path = POPBasicAnimation.h; sourceTree = "<group>"; };
		260C66431EB23415006C119E /* POPBasicAnimation.mm */ = {isa = PBXFileReference; fileEncoding = 4; lastKnownFileType = sourcecode.cpp.objcpp; path = POPBasicAnimation.mm; sourceTree = "<group>"; };
		260C66441EB23415006C119E /* POPBasicAnimationInternal.h */ = {isa = PBXFileReference; fileEncoding = 4; lastKnownFileType = sourcecode.c.h; path = POPBasicAnimationInternal.h; sourceTree = "<group>"; };
		260C66451EB23415006C119E /* POPCGUtils.h */ = {isa = PBXFileReference; fileEncoding = 4; lastKnownFileType = sourcecode.c.h; path = POPCGUtils.h; sourceTree = "<group>"; };
		260C66461EB23415006C119E /* POPCGUtils.mm */ = {isa = PBXFileReference; fileEncoding = 4; lastKnownFileType = sourcecode.cpp.objcpp; path = POPCGUtils.mm; sourceTree = "<group>"; };
		260C66471EB23415006C119E /* POPCustomAnimation.h */ = {isa = PBXFileReference; fileEncoding = 4; lastKnownFileType = sourcecode.c.h; path = POPCustomAnimation.h; sourceTree = "<group>"; };
		260C66481EB23415006C119E /* POPCustomAnimation.mm */ = {isa = PBXFileReference; fileEncoding = 4; lastKnownFileType = sourcecode.cpp.objcpp; path = POPCustomAnimation.mm; sourceTree = "<group>"; };
		260C66491EB23415006C119E /* POPDecayAnimation.h */ = {isa = PBXFileReference; fileEncoding = 4; lastKnownFileType = sourcecode.c.h; path = POPDecayAnimation.h; sourceTree = "<group>"; };
		260C664A1EB23415006C119E /* POPDecayAnimation.mm */ = {isa = PBXFileReference; fileEncoding = 4; lastKnownFileType = sourcecode.cpp.objcpp; path = POPDecayAnimation.mm; sourceTree = "<group>"; };
		260C664B1EB23415006C119E /* POPDecayAnimationInternal.h */ = {isa = PBXFileReference; fileEncoding = 4; lastKnownFileType = sourcecode.c.h; path = POPDecayAnimationInternal.h; sourceTree = "<group>"; };
		260C664C1EB23415006C119E /* POPDefines.h */ = {isa = PBXFileReference; fileEncoding = 4; lastKnownFileType = sourcecode.c.h; path = POPDefines.h; sourceTree = "<group>"; };
		260C664D1EB23415006C119E /* POPGeometry.h */ = {isa = PBXFileReference; fileEncoding = 4; lastKnownFileType = sourcecode.c.h; path = POPGeometry.h; sourceTree = "<group>"; };
		260C664E1EB23415006C119E /* POPGeometry.mm */ = {isa = PBXFileReference; fileEncoding = 4; lastKnownFileType = sourcecode.cpp.objcpp; path = POPGeometry.mm; sourceTree = "<group>"; };
		260C664F1EB23415006C119E /* POPLayerExtras.h */ = {isa = PBXFileReference; fileEncoding = 4; lastKnownFileType = sourcecode.c.h; path = POPLayerExtras.h; sourceTree = "<group>"; };
		260C66501EB23415006C119E /* POPLayerExtras.mm */ = {isa = PBXFileReference; fileEncoding = 4; lastKnownFileType = sourcecode.cpp.objcpp; path = POPLayerExtras.mm; sourceTree = "<group>"; };
		260C66511EB23415006C119E /* POPMath.h */ = {isa = PBXFileReference; fileEncoding = 4; lastKnownFileType = sourcecode.c.h; path = POPMath.h; sourceTree = "<group>"; };
		260C66521EB23415006C119E /* POPMath.mm */ = {isa = PBXFileReference; fileEncoding = 4; lastKnownFileType = sourcecode.cpp.objcpp; path = POPMath.mm; sourceTree = "<group>"; };
		260C66531EB23415006C119E /* POPPropertyAnimation.h */ = {isa = PBXFileReference; fileEncoding = 4; lastKnownFileType = sourcecode.c.h; path = POPPropertyAnimation.h; sourceTree = "<group>"; };
		260C66541EB23415006C119E /* POPPropertyAnimation.mm */ = {isa = PBXFileReference; fileEncoding = 4; lastKnownFileType = sourcecode.cpp.objcpp; path = POPPropertyAnimation.mm; sourceTree = "<group>"; };
		260C66551EB23415006C119E /* POPPropertyAnimationInternal.h */ = {isa = PBXFileReference; fileEncoding = 4; lastKnownFileType = sourcecode.c.h; path = POPPropertyAnimationInternal.h; sourceTree = "<group>"; };
		260C66561EB23415006C119E /* POPSpringAnimation.h */ = {isa = PBXFileReference; fileEncoding = 4; lastKnownFileType = sourcecode.c.h; path = POPSpringAnimation.h; sourceTree = "<group>"; };
		260C66571EB23415006C119E /* POPSpringAnimation.mm */ = {isa = PBXFileReference; fileEncoding = 4; lastKnownFileType = sourcecode.cpp.objcpp; path = POPSpringAnimation.mm; sourceTree = "<group>"; };
		260C66581EB23415006C119E /* POPSpringAnimationInternal.h */ = {isa = PBXFileReference; fileEncoding = 4; lastKnownFileType = sourcecode.c.h; path = POPSpringAnimationInternal.h; sourceTree = "<group>"; };
		260C66591EB23415006C119E /* POPSpringSolver.h */ = {isa = PBXFileReference; fileEncoding = 4; lastKnownFileType = sourcecode.c.h; path = POPSpringSolver.h; sourceTree = "<group>"; };
		260C665A1EB23415006C119E /* POPVector.h */ = {isa = PBXFileReference; fileEncoding = 4; lastKnownFileType = sourcecode.c.h; path = POPVector.h; sourceTree = "<group>"; };
		260C665B1EB23415006C119E /* POPVector.mm */ = {isa = PBXFileReference; fileEncoding = 4; lastKnownFileType = sourcecode.cpp.objcpp; path = POPVector.mm; sourceTree = "<group>"; };
		260C665D1EB23415006C119E /* FloatConversion.h */ = {isa = PBXFileReference; fileEncoding = 4; lastKnownFileType = sourcecode.c.h; path = FloatConversion.h; sourceTree = "<group>"; };
		260C665E1EB23415006C119E /* TransformationMatrix.cpp */ = {isa = PBXFileReference; fileEncoding = 4; lastKnownFileType = sourcecode.cpp.cpp; path = TransformationMatrix.cpp; sourceTree = "<group>"; };
		260C665F1EB23415006C119E /* TransformationMatrix.h */ = {isa = PBXFileReference; fileEncoding = 4; lastKnownFileType = sourcecode.c.h; path = TransformationMatrix.h; sourceTree = "<group>"; };
		260C66601EB23415006C119E /* UnitBezier.h */ = {isa = PBXFileReference; fileEncoding = 4; lastKnownFileType = sourcecode.c.h; path = UnitBezier.h; sourceTree = "<group>"; };
		260C66DD1EB23831006C119E /* PopViewController.swift */ = {isa = PBXFileReference; fileEncoding = 4; lastKnownFileType = sourcecode.swift; name = PopViewController.swift; path = ../PopViewController.swift; sourceTree = "<group>"; };
		262E1C391EB1CBDE007CC745 /* CaptureScreenTool.swift */ = {isa = PBXFileReference; fileEncoding = 4; lastKnownFileType = sourcecode.swift; path = CaptureScreenTool.swift; sourceTree = "<group>"; };
		263D7F6D1EB1BA770064D1C5 /* BtnWithLongPress.swift */ = {isa = PBXFileReference; fileEncoding = 4; lastKnownFileType = sourcecode.swift; path = BtnWithLongPress.swift; sourceTree = "<group>"; };
		263D7F6F1EB1C5C70064D1C5 /* CaptureScreen.swift */ = {isa = PBXFileReference; fileEncoding = 4; lastKnownFileType = sourcecode.swift; path = CaptureScreen.swift; sourceTree = "<group>"; };
		263D7F711EB1C8610064D1C5 /* scree.png */ = {isa = PBXFileReference; lastKnownFileType = image.png; path = scree.png; sourceTree = "<group>"; };
		2657FD941EB851EC00B92648 /* VoicieControl.swift */ = {isa = PBXFileReference; fileEncoding = 4; lastKnownFileType = sourcecode.swift; path = VoicieControl.swift; sourceTree = "<group>"; };
		2657FD961EB860F900B92648 /* ControlVoice.swift */ = {isa = PBXFileReference; fileEncoding = 4; lastKnownFileType = sourcecode.swift; path = ControlVoice.swift; sourceTree = "<group>"; };
		2657FD981EB8642C00B92648 /* ViewAnimation.swift */ = {isa = PBXFileReference; fileEncoding = 4; lastKnownFileType = sourcecode.swift; path = ViewAnimation.swift; sourceTree = "<group>"; };
		2657FD9A1EB872C300B92648 /* ScaleView.swift */ = {isa = PBXFileReference; fileEncoding = 4; lastKnownFileType = sourcecode.swift; path = ScaleView.swift; sourceTree = "<group>"; };
		2657FD9C1EB8809100B92648 /* DelayTimerTool.swift */ = {isa = PBXFileReference; fileEncoding = 4; lastKnownFileType = sourcecode.swift; path = DelayTimerTool.swift; sourceTree = "<group>"; };
		2657FD9E1EB96F6700B92648 /* Zapfino.ttf */ = {isa = PBXFileReference; lastKnownFileType = file; path = Zapfino.ttf; sourceTree = "<group>"; };
		2657FDA01EB96F9300B92648 /* FontVC.swift */ = {isa = PBXFileReference; fileEncoding = 4; lastKnownFileType = sourcecode.swift; path = FontVC.swift; sourceTree = "<group>"; };
		2657FDAC1EB97CD700B92648 /* Libian.ttc */ = {isa = PBXFileReference; lastKnownFileType = file; path = Libian.ttc; sourceTree = "<group>"; };
		2657FDB41EB97F7200B92648 /* Xingkai.ttc */ = {isa = PBXFileReference; lastKnownFileType = file; path = Xingkai.ttc; sourceTree = "<group>"; };
		2657FDB91EB982E100B92648 /* DeskCards.swift */ = {isa = PBXFileReference; fileEncoding = 4; lastKnownFileType = sourcecode.swift; path = DeskCards.swift; sourceTree = "<group>"; };
		2657FDBB1EB984FE00B92648 /* sss.png */ = {isa = PBXFileReference; lastKnownFileType = image.png; path = sss.png; sourceTree = "<group>"; };
		2657FDBD1EB9B95400B92648 /* PlayCommon.swift */ = {isa = PBXFileReference; fileEncoding = 4; lastKnownFileType = sourcecode.swift; path = PlayCommon.swift; sourceTree = "<group>"; };
		265B85291EB20CC20080AC62 /* TimerTest.swift */ = {isa = PBXFileReference; fileEncoding = 4; lastKnownFileType = sourcecode.swift; path = TimerTest.swift; sourceTree = "<group>"; };
		266EC2021EBC854000AEA31C /* TimerLabel.swift */ = {isa = PBXFileReference; fileEncoding = 4; lastKnownFileType = sourcecode.swift; path = TimerLabel.swift; sourceTree = "<group>"; };
		26AD0FF81EBD6B1800E4BEB7 /* TImerTool.swift */ = {isa = PBXFileReference; fileEncoding = 4; lastKnownFileType = sourcecode.swift; path = TImerTool.swift; sourceTree = "<group>"; };
		26BC612F1EB2EB6C00AE9BE1 /* CountDownBtn.swift */ = {isa = PBXFileReference; fileEncoding = 4; lastKnownFileType = sourcecode.swift; path = CountDownBtn.swift; sourceTree = "<group>"; };
		26BC61391EB4250600AE9BE1 /* CollectVC.swift */ = {isa = PBXFileReference; fileEncoding = 4; lastKnownFileType = sourcecode.swift; path = CollectVC.swift; sourceTree = "<group>"; };
		26BC613B1EB4253B00AE9BE1 /* CollectionViewCell.swift */ = {isa = PBXFileReference; fileEncoding = 4; lastKnownFileType = sourcecode.swift; path = CollectionViewCell.swift; sourceTree = "<group>"; };
		26CAF9BC1EB4C219003065B8 /* LabelRepeat.swift */ = {isa = PBXFileReference; fileEncoding = 4; lastKnownFileType = sourcecode.swift; path = LabelRepeat.swift; sourceTree = "<group>"; };
		26F41BE21EB09B4100F4A929 /* amrFileCodec.h */ = {isa = PBXFileReference; fileEncoding = 4; lastKnownFileType = sourcecode.c.h; path = amrFileCodec.h; sourceTree = "<group>"; };
		26F41BE31EB09B4100F4A929 /* amrFileCodec.mm */ = {isa = PBXFileReference; fileEncoding = 4; lastKnownFileType = sourcecode.cpp.objcpp; path = amrFileCodec.mm; sourceTree = "<group>"; };
		26F41BE51EB09B4100F4A929 /* libopencore-amrnb.a */ = {isa = PBXFileReference; lastKnownFileType = archive.ar; path = "libopencore-amrnb.a"; sourceTree = "<group>"; };
		26F41BE61EB09B4100F4A929 /* libopencore-amrwb.a */ = {isa = PBXFileReference; lastKnownFileType = archive.ar; path = "libopencore-amrwb.a"; sourceTree = "<group>"; };
		26F41BE81EB09B4100F4A929 /* interf_dec.h */ = {isa = PBXFileReference; fileEncoding = 4; lastKnownFileType = sourcecode.c.h; path = interf_dec.h; sourceTree = "<group>"; };
		26F41BE91EB09B4100F4A929 /* interf_enc.h */ = {isa = PBXFileReference; fileEncoding = 4; lastKnownFileType = sourcecode.c.h; path = interf_enc.h; sourceTree = "<group>"; };
		26F41BEB1EB09B4100F4A929 /* dec_if.h */ = {isa = PBXFileReference; fileEncoding = 4; lastKnownFileType = sourcecode.c.h; path = dec_if.h; sourceTree = "<group>"; };
		26F41BEC1EB09B4100F4A929 /* if_rom.h */ = {isa = PBXFileReference; fileEncoding = 4; lastKnownFileType = sourcecode.c.h; path = if_rom.h; sourceTree = "<group>"; };
		26F41BED1EB09B4100F4A929 /* VoiceConverter.h */ = {isa = PBXFileReference; fileEncoding = 4; lastKnownFileType = sourcecode.c.h; path = VoiceConverter.h; sourceTree = "<group>"; };
		26F41BEE1EB09B4100F4A929 /* VoiceConverter.mm */ = {isa = PBXFileReference; fileEncoding = 4; lastKnownFileType = sourcecode.cpp.objcpp; path = VoiceConverter.mm; sourceTree = "<group>"; };
		26F41BF31EB0B28A00F4A929 /* WavConvert.h */ = {isa = PBXFileReference; fileEncoding = 4; lastKnownFileType = sourcecode.c.h; path = WavConvert.h; sourceTree = "<group>"; };
		26F41BF41EB0B28A00F4A929 /* WavConvert.m */ = {isa = PBXFileReference; fileEncoding = 4; lastKnownFileType = sourcecode.c.objc; path = WavConvert.m; sourceTree = "<group>"; };
/* End PBXFileReference section */

/* Begin PBXFrameworksBuildPhase section */
		2603D9341EADC8D20069B132 /* Frameworks */ = {
			isa = PBXFrameworksBuildPhase;
			buildActionMask = 2147483647;
			files = (
				260AFF481EAF71480032F0BC /* UIKit.framework in Frameworks */,
				26F41BF01EB09B4100F4A929 /* libopencore-amrnb.a in Frameworks */,
				260AFF461EAF713E0032F0BC /* AVFoundation.framework in Frameworks */,
				2603D96D1EADCCFB0069B132 /* SystemConfiguration.framework in Frameworks */,
				2603D96B1EADCCF10069B132 /* libz.tbd in Frameworks */,
				26F41BF11EB09B4100F4A929 /* libopencore-amrwb.a in Frameworks */,
				2603D9671EADCB490069B132 /* libsqlite3.0.tbd in Frameworks */,
				2603D9651EADCB170069B132 /* libc++.tbd in Frameworks */,
				2603D9631EADCB0C0069B132 /* Security.framework in Frameworks */,
				2603D9611EADCB020069B132 /* CoreTelephony.framework in Frameworks */,
				2603D95F1EADCAF30069B132 /* CFNetwork.framework in Frameworks */,
				2603D9591EADCA3B0069B132 /* libWeChatSDK.a in Frameworks */,
			);
			runOnlyForDeploymentPostprocessing = 0;
		};
/* End PBXFrameworksBuildPhase section */

/* Begin PBXGroup section */
		2603D92E1EADC8D20069B132 = {
			isa = PBXGroup;
			children = (
				26AD0FF81EBD6B1800E4BEB7 /* TImerTool.swift */,
				2657FDBD1EB9B95400B92648 /* PlayCommon.swift */,
				2603D9391EADC8D20069B132 /* NN */,
				2603D9381EADC8D20069B132 /* Products */,
				2603D94C1EADCA160069B132 /* NN-Bridging-Header.h */,
				2603D95D1EADCAF30069B132 /* Frameworks */,
			);
			sourceTree = "<group>";
		};
		2603D9381EADC8D20069B132 /* Products */ = {
			isa = PBXGroup;
			children = (
				2603D9371EADC8D20069B132 /* NN.app */,
			);
			name = Products;
			sourceTree = "<group>";
		};
		2603D9391EADC8D20069B132 /* NN */ = {
			isa = PBXGroup;
			children = (
				260C662C1EB23415006C119E /* pop */,
				262E1C391EB1CBDE007CC745 /* CaptureScreenTool.swift */,
				260AFF351EAF67AC0032F0BC /* recorder */,
				2603D9741EADD32B0069B132 /* mainG */,
				2603D9501EADCA3B0069B132 /* Weixin */,
				2603D9581EADCA3B0069B132 /* WXTool.swift */,
				2657FD9C1EB8809100B92648 /* DelayTimerTool.swift */,
				2657FD941EB851EC00B92648 /* VoicieControl.swift */,
				2657FD961EB860F900B92648 /* ControlVoice.swift */,
				26BC61391EB4250600AE9BE1 /* CollectVC.swift */,
				2657FDB81EB982B900B92648 /* 字体 */,
				2657FDA01EB96F9300B92648 /* FontVC.swift */,
				26BC613B1EB4253B00AE9BE1 /* CollectionViewCell.swift */,
				2657FD981EB8642C00B92648 /* ViewAnimation.swift */,
				2657FD9A1EB872C300B92648 /* ScaleView.swift */,
				2603D9C01EADF1A60069B132 /* AbortVC.swift */,
				2657FDBB1EB984FE00B92648 /* sss.png */,
				2603D96E1EADCD440069B132 /* CustomAlertView.swift */,
				2603D9701EADCD830069B132 /* ViewController.swift */,
				2603D9BC1EADE7E20069B132 /* ScrollLabel.swift */,
				2603D93A1EADC8D20069B132 /* AppDelegate.swift */,
				2603D9681EADCB6F0069B132 /* Common.swift */,
				26BC612F1EB2EB6C00AE9BE1 /* CountDownBtn.swift */,
				265B85291EB20CC20080AC62 /* TimerTest.swift */,
				266EC2021EBC854000AEA31C /* TimerLabel.swift */,
				2603D93E1EADC8D20069B132 /* Main.storyboard */,
				2603D9411EADC8D20069B132 /* Assets.xcassets */,
				2603D9431EADC8D20069B132 /* LaunchScreen.storyboard */,
				2603D9461EADC8D20069B132 /* Info.plist */,
				2657FDB91EB982E100B92648 /* DeskCards.swift */,
				260C66DD1EB23831006C119E /* PopViewController.swift */,
			);
			path = NN;
			sourceTree = "<group>";
		};
		2603D9501EADCA3B0069B132 /* Weixin */ = {
			isa = PBXGroup;
			children = (
				2603D9511EADCA3B0069B132 /* libWeChatSDK.a */,
				2603D9521EADCA3B0069B132 /* README.txt */,
				2603D9531EADCA3B0069B132 /* WechatAuthSDK.h */,
				2603D9541EADCA3B0069B132 /* WXApi.h */,
				2603D9551EADCA3B0069B132 /* WXApiManager.h */,
				2603D9561EADCA3B0069B132 /* WXApiManager.m */,
				2603D9571EADCA3B0069B132 /* WXApiObject.h */,
			);
			path = Weixin;
			sourceTree = "<group>";
		};
		2603D95D1EADCAF30069B132 /* Frameworks */ = {
			isa = PBXGroup;
			children = (
				260AFF471EAF71480032F0BC /* UIKit.framework */,
				260AFF451EAF713E0032F0BC /* AVFoundation.framework */,
				2603D96C1EADCCFB0069B132 /* SystemConfiguration.framework */,
				2603D96A1EADCCF10069B132 /* libz.tbd */,
				2603D9661EADCB490069B132 /* libsqlite3.0.tbd */,
				2603D9641EADCB170069B132 /* libc++.tbd */,
				2603D9621EADCB0C0069B132 /* Security.framework */,
				2603D9601EADCB020069B132 /* CoreTelephony.framework */,
				2603D95E1EADCAF30069B132 /* CFNetwork.framework */,
			);
			name = Frameworks;
			sourceTree = "<group>";
		};
		2603D9741EADD32B0069B132 /* mainG */ = {
			isa = PBXGroup;
			children = (
				2603D9771EADD34D0069B132 /* model */,
				2603D9761EADD3460069B132 /* view */,
				2603D9751EADD33B0069B132 /* controller */,
				26CAF9BC1EB4C219003065B8 /* LabelRepeat.swift */,
			);
			name = mainG;
			sourceTree = "<group>";
		};
		2603D9751EADD33B0069B132 /* controller */ = {
			isa = PBXGroup;
			children = (
				2603D9721EADD1BB0069B132 /* MainGameViewController.swift */,
			);
			name = controller;
			sourceTree = "<group>";
		};
		2603D9761EADD3460069B132 /* view */ = {
			isa = PBXGroup;
			children = (
				2603D9781EADD3AA0069B132 /* PersonMsgView.swift */,
			);
			name = view;
			sourceTree = "<group>";
		};
		2603D9771EADD34D0069B132 /* model */ = {
			isa = PBXGroup;
			children = (
			);
			name = model;
			sourceTree = "<group>";
		};
		260AFF351EAF67AC0032F0BC /* recorder */ = {
			isa = PBXGroup;
			children = (
				26F41BE01EB09B4100F4A929 /* VoiceConvert */,
				260AFF3E1EAF68360032F0BC /* RecorderVC.swift */,
				263D7F6D1EB1BA770064D1C5 /* BtnWithLongPress.swift */,
				263D7F711EB1C8610064D1C5 /* scree.png */,
				263D7F6F1EB1C5C70064D1C5 /* CaptureScreen.swift */,
				260AFF431EAF6B130032F0BC /* AvdioTool.swift */,
				26F41BF31EB0B28A00F4A929 /* WavConvert.h */,
				26F41BF41EB0B28A00F4A929 /* WavConvert.m */,
			);
			name = recorder;
			sourceTree = "<group>";
		};
		260C662C1EB23415006C119E /* pop */ = {
			isa = PBXGroup;
			children = (
				260C662D1EB23415006C119E /* POP.h */,
				260C662E1EB23415006C119E /* POPAction.h */,
				260C662F1EB23415006C119E /* POPAnimatableProperty.h */,
				260C66301EB23415006C119E /* POPAnimatableProperty.mm */,
				260C66311EB23415006C119E /* POPAnimation.h */,
				260C66321EB23415006C119E /* POPAnimation.mm */,
				260C66331EB23415006C119E /* POPAnimationEvent.h */,
				260C66341EB23415006C119E /* POPAnimationEvent.mm */,
				260C66351EB23415006C119E /* POPAnimationEventInternal.h */,
				260C66361EB23415006C119E /* POPAnimationExtras.h */,
				260C66371EB23415006C119E /* POPAnimationExtras.mm */,
				260C66381EB23415006C119E /* POPAnimationInternal.h */,
				260C66391EB23415006C119E /* POPAnimationPrivate.h */,
				260C663A1EB23415006C119E /* POPAnimationRuntime.h */,
				260C663B1EB23415006C119E /* POPAnimationRuntime.mm */,
				260C663C1EB23415006C119E /* POPAnimationTracer.h */,
				260C663D1EB23415006C119E /* POPAnimationTracer.mm */,
				260C663E1EB23415006C119E /* POPAnimationTracerInternal.h */,
				260C663F1EB23415006C119E /* POPAnimator.h */,
				260C66401EB23415006C119E /* POPAnimator.mm */,
				260C66411EB23415006C119E /* POPAnimatorPrivate.h */,
				260C66421EB23415006C119E /* POPBasicAnimation.h */,
				260C66431EB23415006C119E /* POPBasicAnimation.mm */,
				260C66441EB23415006C119E /* POPBasicAnimationInternal.h */,
				260C66451EB23415006C119E /* POPCGUtils.h */,
				260C66461EB23415006C119E /* POPCGUtils.mm */,
				260C66471EB23415006C119E /* POPCustomAnimation.h */,
				260C66481EB23415006C119E /* POPCustomAnimation.mm */,
				260C66491EB23415006C119E /* POPDecayAnimation.h */,
				260C664A1EB23415006C119E /* POPDecayAnimation.mm */,
				260C664B1EB23415006C119E /* POPDecayAnimationInternal.h */,
				260C664C1EB23415006C119E /* POPDefines.h */,
				260C664D1EB23415006C119E /* POPGeometry.h */,
				260C664E1EB23415006C119E /* POPGeometry.mm */,
				260C664F1EB23415006C119E /* POPLayerExtras.h */,
				260C66501EB23415006C119E /* POPLayerExtras.mm */,
				260C66511EB23415006C119E /* POPMath.h */,
				260C66521EB23415006C119E /* POPMath.mm */,
				260C66531EB23415006C119E /* POPPropertyAnimation.h */,
				260C66541EB23415006C119E /* POPPropertyAnimation.mm */,
				260C66551EB23415006C119E /* POPPropertyAnimationInternal.h */,
				260C66561EB23415006C119E /* POPSpringAnimation.h */,
				260C66571EB23415006C119E /* POPSpringAnimation.mm */,
				260C66581EB23415006C119E /* POPSpringAnimationInternal.h */,
				260C66591EB23415006C119E /* POPSpringSolver.h */,
				260C665A1EB23415006C119E /* POPVector.h */,
				260C665B1EB23415006C119E /* POPVector.mm */,
				260C665C1EB23415006C119E /* WebCore */,
			);
			path = pop;
			sourceTree = "<group>";
		};
		260C665C1EB23415006C119E /* WebCore */ = {
			isa = PBXGroup;
			children = (
				260C665D1EB23415006C119E /* FloatConversion.h */,
				260C665E1EB23415006C119E /* TransformationMatrix.cpp */,
				260C665F1EB23415006C119E /* TransformationMatrix.h */,
				260C66601EB23415006C119E /* UnitBezier.h */,
			);
			path = WebCore;
			sourceTree = "<group>";
		};
		2657FDB81EB982B900B92648 /* 字体 */ = {
			isa = PBXGroup;
			children = (
				2657FDB41EB97F7200B92648 /* Xingkai.ttc */,
				2657FD9E1EB96F6700B92648 /* Zapfino.ttf */,
				2657FDAC1EB97CD700B92648 /* Libian.ttc */,
			);
			name = "字体";
			sourceTree = "<group>";
		};
		26F41BE01EB09B4100F4A929 /* VoiceConvert */ = {
			isa = PBXGroup;
			children = (
				26F41BE11EB09B4100F4A929 /* amrwapper */,
				26F41BE41EB09B4100F4A929 /* lib */,
				26F41BE71EB09B4100F4A929 /* opencore-amrnb */,
				26F41BEA1EB09B4100F4A929 /* opencore-amrwb */,
				26F41BED1EB09B4100F4A929 /* VoiceConverter.h */,
				26F41BEE1EB09B4100F4A929 /* VoiceConverter.mm */,
			);
			path = VoiceConvert;
			sourceTree = "<group>";
		};
		26F41BE11EB09B4100F4A929 /* amrwapper */ = {
			isa = PBXGroup;
			children = (
				26F41BE21EB09B4100F4A929 /* amrFileCodec.h */,
				26F41BE31EB09B4100F4A929 /* amrFileCodec.mm */,
			);
			path = amrwapper;
			sourceTree = "<group>";
		};
		26F41BE41EB09B4100F4A929 /* lib */ = {
			isa = PBXGroup;
			children = (
				26F41BE51EB09B4100F4A929 /* libopencore-amrnb.a */,
				26F41BE61EB09B4100F4A929 /* libopencore-amrwb.a */,
			);
			path = lib;
			sourceTree = "<group>";
		};
		26F41BE71EB09B4100F4A929 /* opencore-amrnb */ = {
			isa = PBXGroup;
			children = (
				26F41BE81EB09B4100F4A929 /* interf_dec.h */,
				26F41BE91EB09B4100F4A929 /* interf_enc.h */,
			);
			path = "opencore-amrnb";
			sourceTree = "<group>";
		};
		26F41BEA1EB09B4100F4A929 /* opencore-amrwb */ = {
			isa = PBXGroup;
			children = (
				26F41BEB1EB09B4100F4A929 /* dec_if.h */,
				26F41BEC1EB09B4100F4A929 /* if_rom.h */,
			);
			path = "opencore-amrwb";
			sourceTree = "<group>";
		};
/* End PBXGroup section */

/* Begin PBXNativeTarget section */
		2603D9361EADC8D20069B132 /* NN */ = {
			isa = PBXNativeTarget;
			buildConfigurationList = 2603D9491EADC8D20069B132 /* Build configuration list for PBXNativeTarget "NN" */;
			buildPhases = (
				2603D9331EADC8D20069B132 /* Sources */,
				2603D9341EADC8D20069B132 /* Frameworks */,
				2603D9351EADC8D20069B132 /* Resources */,
			);
			buildRules = (
			);
			dependencies = (
			);
			name = NN;
			productName = NN;
			productReference = 2603D9371EADC8D20069B132 /* NN.app */;
			productType = "com.apple.product-type.application";
		};
/* End PBXNativeTarget section */

/* Begin PBXProject section */
		2603D92F1EADC8D20069B132 /* Project object */ = {
			isa = PBXProject;
			attributes = {
				LastSwiftUpdateCheck = 0830;
				LastUpgradeCheck = 0830;
				ORGANIZATIONNAME = "郑东喜";
				TargetAttributes = {
					2603D9361EADC8D20069B132 = {
						CreatedOnToolsVersion = 8.3.1;
						DevelopmentTeam = E38L2YCTY3;
						LastSwiftMigration = 0830;
						ProvisioningStyle = Automatic;
					};
				};
			};
			buildConfigurationList = 2603D9321EADC8D20069B132 /* Build configuration list for PBXProject "NN" */;
			compatibilityVersion = "Xcode 3.2";
			developmentRegion = English;
			hasScannedForEncodings = 0;
			knownRegions = (
				en,
				Base,
			);
			mainGroup = 2603D92E1EADC8D20069B132;
			productRefGroup = 2603D9381EADC8D20069B132 /* Products */;
			projectDirPath = "";
			projectRoot = "";
			targets = (
				2603D9361EADC8D20069B132 /* NN */,
			);
		};
/* End PBXProject section */

/* Begin PBXResourcesBuildPhase section */
		2603D9351EADC8D20069B132 /* Resources */ = {
			isa = PBXResourcesBuildPhase;
			buildActionMask = 2147483647;
			files = (
				2603D9451EADC8D20069B132 /* LaunchScreen.storyboard in Resources */,
				2603D9421EADC8D20069B132 /* Assets.xcassets in Resources */,
				2657FDAD1EB97CD700B92648 /* Libian.ttc in Resources */,
				263D7F721EB1C8610064D1C5 /* scree.png in Resources */,
				2603D95A1EADCA3C0069B132 /* README.txt in Resources */,
				2657FD9F1EB96F6700B92648 /* Zapfino.ttf in Resources */,
				2657FDBC1EB984FE00B92648 /* sss.png in Resources */,
				2603D9401EADC8D20069B132 /* Main.storyboard in Resources */,
				2657FDB51EB97F7200B92648 /* Xingkai.ttc in Resources */,
			);
			runOnlyForDeploymentPostprocessing = 0;
		};
/* End PBXResourcesBuildPhase section */

/* Begin PBXSourcesBuildPhase section */
		2603D9331EADC8D20069B132 /* Sources */ = {
			isa = PBXSourcesBuildPhase;
			buildActionMask = 2147483647;
			files = (
				26F41BF21EB09B4100F4A929 /* VoiceConverter.mm in Sources */,
				26AD0FF91EBD6B1800E4BEB7 /* TImerTool.swift in Sources */,
				260AFF441EAF6B130032F0BC /* AvdioTool.swift in Sources */,
				260C66711EB23415006C119E /* POPVector.mm in Sources */,
				2603D9711EADCD830069B132 /* ViewController.swift in Sources */,
				260C66641EB23415006C119E /* POPAnimationExtras.mm in Sources */,
				260C66721EB23415006C119E /* TransformationMatrix.cpp in Sources */,
				2657FDBE1EB9B95400B92648 /* PlayCommon.swift in Sources */,
				260C66691EB23415006C119E /* POPCGUtils.mm in Sources */,
				260C666A1EB23415006C119E /* POPCustomAnimation.mm in Sources */,
				260C66DE1EB23831006C119E /* PopViewController.swift in Sources */,
				26BC613A1EB4250600AE9BE1 /* CollectVC.swift in Sources */,
				2603D9C11EADF1A60069B132 /* AbortVC.swift in Sources */,
				2603D96F1EADCD440069B132 /* CustomAlertView.swift in Sources */,
				260C66651EB23415006C119E /* POPAnimationRuntime.mm in Sources */,
				2657FD971EB860F900B92648 /* ControlVoice.swift in Sources */,
				2603D9BD1EADE7E20069B132 /* ScrollLabel.swift in Sources */,
				260C66701EB23415006C119E /* POPSpringAnimation.mm in Sources */,
				260C66681EB23415006C119E /* POPBasicAnimation.mm in Sources */,
				2657FDBA1EB982E100B92648 /* DeskCards.swift in Sources */,
				26CAF9BD1EB4C219003065B8 /* LabelRepeat.swift in Sources */,
				260C666F1EB23415006C119E /* POPPropertyAnimation.mm in Sources */,
				262E1C3A1EB1CBDE007CC745 /* CaptureScreenTool.swift in Sources */,
				260C66611EB23415006C119E /* POPAnimatableProperty.mm in Sources */,
				263D7F701EB1C5C70064D1C5 /* CaptureScreen.swift in Sources */,
				260C666E1EB23415006C119E /* POPMath.mm in Sources */,
				2603D95C1EADCA3C0069B132 /* WXTool.swift in Sources */,
				260C666D1EB23415006C119E /* POPLayerExtras.mm in Sources */,
				260C66671EB23415006C119E /* POPAnimator.mm in Sources */,
				260C666C1EB23415006C119E /* POPGeometry.mm in Sources */,
				26F41BEF1EB09B4100F4A929 /* amrFileCodec.mm in Sources */,
				2657FD9D1EB8809100B92648 /* DelayTimerTool.swift in Sources */,
				260C666B1EB23415006C119E /* POPDecayAnimation.mm in Sources */,
				265B852A1EB20CC20080AC62 /* TimerTest.swift in Sources */,
				2657FD991EB8642C00B92648 /* ViewAnimation.swift in Sources */,
				260C66661EB23415006C119E /* POPAnimationTracer.mm in Sources */,
				2603D9731EADD1BB0069B132 /* MainGameViewController.swift in Sources */,
				2603D95B1EADCA3C0069B132 /* WXApiManager.m in Sources */,
				266EC2031EBC854000AEA31C /* TimerLabel.swift in Sources */,
				260C66631EB23415006C119E /* POPAnimationEvent.mm in Sources */,
				260AFF3F1EAF68360032F0BC /* RecorderVC.swift in Sources */,
				2603D9691EADCB6F0069B132 /* Common.swift in Sources */,
				26BC61301EB2EB6C00AE9BE1 /* CountDownBtn.swift in Sources */,
				2603D93B1EADC8D20069B132 /* AppDelegate.swift in Sources */,
				2657FD9B1EB872C300B92648 /* ScaleView.swift in Sources */,
				26F41BF51EB0B28A00F4A929 /* WavConvert.m in Sources */,
				2657FDA11EB96F9300B92648 /* FontVC.swift in Sources */,
				2657FD951EB851EC00B92648 /* VoicieControl.swift in Sources */,
				26BC613C1EB4253B00AE9BE1 /* CollectionViewCell.swift in Sources */,
				263D7F6E1EB1BA770064D1C5 /* BtnWithLongPress.swift in Sources */,
				260C66621EB23415006C119E /* POPAnimation.mm in Sources */,
				2603D9791EADD3AA0069B132 /* PersonMsgView.swift in Sources */,
			);
			runOnlyForDeploymentPostprocessing = 0;
		};
/* End PBXSourcesBuildPhase section */

/* Begin PBXVariantGroup section */
		2603D93E1EADC8D20069B132 /* Main.storyboard */ = {
			isa = PBXVariantGroup;
			children = (
				2603D93F1EADC8D20069B132 /* Base */,
			);
			name = Main.storyboard;
			sourceTree = "<group>";
		};
		2603D9431EADC8D20069B132 /* LaunchScreen.storyboard */ = {
			isa = PBXVariantGroup;
			children = (
				2603D9441EADC8D20069B132 /* Base */,
			);
			name = LaunchScreen.storyboard;
			sourceTree = "<group>";
		};
/* End PBXVariantGroup section */

/* Begin XCBuildConfiguration section */
		2603D9471EADC8D20069B132 /* Debug */ = {
			isa = XCBuildConfiguration;
			buildSettings = {
				ALWAYS_SEARCH_USER_PATHS = NO;
				CLANG_ANALYZER_NONNULL = YES;
				CLANG_ANALYZER_NUMBER_OBJECT_CONVERSION = YES_AGGRESSIVE;
				CLANG_CXX_LANGUAGE_STANDARD = "gnu++0x";
				CLANG_CXX_LIBRARY = "libc++";
				CLANG_ENABLE_MODULES = YES;
				CLANG_ENABLE_OBJC_ARC = YES;
				CLANG_WARN_BOOL_CONVERSION = YES;
				CLANG_WARN_CONSTANT_CONVERSION = YES;
				CLANG_WARN_DIRECT_OBJC_ISA_USAGE = YES_ERROR;
				CLANG_WARN_DOCUMENTATION_COMMENTS = YES;
				CLANG_WARN_EMPTY_BODY = YES;
				CLANG_WARN_ENUM_CONVERSION = YES;
				CLANG_WARN_INFINITE_RECURSION = YES;
				CLANG_WARN_INT_CONVERSION = YES;
				CLANG_WARN_OBJC_ROOT_CLASS = YES_ERROR;
				CLANG_WARN_SUSPICIOUS_MOVE = YES;
				CLANG_WARN_UNREACHABLE_CODE = YES;
				CLANG_WARN__DUPLICATE_METHOD_MATCH = YES;
				"CODE_SIGN_IDENTITY[sdk=iphoneos*]" = "iPhone Developer";
				COPY_PHASE_STRIP = NO;
				DEBUG_INFORMATION_FORMAT = dwarf;
				ENABLE_STRICT_OBJC_MSGSEND = YES;
				ENABLE_TESTABILITY = YES;
				GCC_C_LANGUAGE_STANDARD = gnu99;
				GCC_DYNAMIC_NO_PIC = NO;
				GCC_NO_COMMON_BLOCKS = YES;
				GCC_OPTIMIZATION_LEVEL = 0;
				GCC_PREPROCESSOR_DEFINITIONS = (
					"DEBUG=1",
					"$(inherited)",
				);
				GCC_WARN_64_TO_32_BIT_CONVERSION = YES;
				GCC_WARN_ABOUT_RETURN_TYPE = YES_ERROR;
				GCC_WARN_UNDECLARED_SELECTOR = YES;
				GCC_WARN_UNINITIALIZED_AUTOS = YES_AGGRESSIVE;
				GCC_WARN_UNUSED_FUNCTION = YES;
				GCC_WARN_UNUSED_VARIABLE = YES;
				IPHONEOS_DEPLOYMENT_TARGET = 8.0;
				MTL_ENABLE_DEBUG_INFO = YES;
				ONLY_ACTIVE_ARCH = YES;
				SDKROOT = iphoneos;
				SWIFT_ACTIVE_COMPILATION_CONDITIONS = DEBUG;
				SWIFT_OPTIMIZATION_LEVEL = "-Onone";
				TARGETED_DEVICE_FAMILY = "1,2";
			};
			name = Debug;
		};
		2603D9481EADC8D20069B132 /* Release */ = {
			isa = XCBuildConfiguration;
			buildSettings = {
				ALWAYS_SEARCH_USER_PATHS = NO;
				CLANG_ANALYZER_NONNULL = YES;
				CLANG_ANALYZER_NUMBER_OBJECT_CONVERSION = YES_AGGRESSIVE;
				CLANG_CXX_LANGUAGE_STANDARD = "gnu++0x";
				CLANG_CXX_LIBRARY = "libc++";
				CLANG_ENABLE_MODULES = YES;
				CLANG_ENABLE_OBJC_ARC = YES;
				CLANG_WARN_BOOL_CONVERSION = YES;
				CLANG_WARN_CONSTANT_CONVERSION = YES;
				CLANG_WARN_DIRECT_OBJC_ISA_USAGE = YES_ERROR;
				CLANG_WARN_DOCUMENTATION_COMMENTS = YES;
				CLANG_WARN_EMPTY_BODY = YES;
				CLANG_WARN_ENUM_CONVERSION = YES;
				CLANG_WARN_INFINITE_RECURSION = YES;
				CLANG_WARN_INT_CONVERSION = YES;
				CLANG_WARN_OBJC_ROOT_CLASS = YES_ERROR;
				CLANG_WARN_SUSPICIOUS_MOVE = YES;
				CLANG_WARN_UNREACHABLE_CODE = YES;
				CLANG_WARN__DUPLICATE_METHOD_MATCH = YES;
				"CODE_SIGN_IDENTITY[sdk=iphoneos*]" = "iPhone Developer";
				COPY_PHASE_STRIP = NO;
				DEBUG_INFORMATION_FORMAT = "dwarf-with-dsym";
				ENABLE_NS_ASSERTIONS = NO;
				ENABLE_STRICT_OBJC_MSGSEND = YES;
				GCC_C_LANGUAGE_STANDARD = gnu99;
				GCC_NO_COMMON_BLOCKS = YES;
				GCC_WARN_64_TO_32_BIT_CONVERSION = YES;
				GCC_WARN_ABOUT_RETURN_TYPE = YES_ERROR;
				GCC_WARN_UNDECLARED_SELECTOR = YES;
				GCC_WARN_UNINITIALIZED_AUTOS = YES_AGGRESSIVE;
				GCC_WARN_UNUSED_FUNCTION = YES;
				GCC_WARN_UNUSED_VARIABLE = YES;
				IPHONEOS_DEPLOYMENT_TARGET = 8.0;
				MTL_ENABLE_DEBUG_INFO = NO;
				SDKROOT = iphoneos;
				SWIFT_OPTIMIZATION_LEVEL = "-Owholemodule";
				TARGETED_DEVICE_FAMILY = "1,2";
				VALIDATE_PRODUCT = YES;
			};
			name = Release;
		};
		2603D94A1EADC8D20069B132 /* Debug */ = {
			isa = XCBuildConfiguration;
			buildSettings = {
				ASSETCATALOG_COMPILER_APPICON_NAME = AppIcon;
				CLANG_ENABLE_MODULES = YES;
				DEVELOPMENT_TEAM = E38L2YCTY3;
				ENABLE_BITCODE = NO;
				INFOPLIST_FILE = NN/Info.plist;
				LD_RUNPATH_SEARCH_PATHS = "$(inherited) @executable_path/Frameworks";
				LIBRARY_SEARCH_PATHS = (
					"$(inherited)",
					"$(PROJECT_DIR)/NN/Weixin",
					"$(PROJECT_DIR)/NN",
					"$(PROJECT_DIR)/NN/VoiceConvert/lib",
				);
				OTHER_LDFLAGS = (
					"-all_load",
					"-Objc",
				);
				PRODUCT_BUNDLE_IDENTIFIER = com.zdx.NN;
				PRODUCT_NAME = "$(TARGET_NAME)";
				SWIFT_OBJC_BRIDGING_HEADER = "NN-Bridging-Header.h";
				SWIFT_OPTIMIZATION_LEVEL = "-Onone";
				SWIFT_VERSION = 3.0;
			};
			name = Debug;
		};
		2603D94B1EADC8D20069B132 /* Release */ = {
			isa = XCBuildConfiguration;
			buildSettings = {
				ASSETCATALOG_COMPILER_APPICON_NAME = AppIcon;
				CLANG_ENABLE_MODULES = YES;
				DEVELOPMENT_TEAM = E38L2YCTY3;
				ENABLE_BITCODE = NO;
				INFOPLIST_FILE = NN/Info.plist;
				LD_RUNPATH_SEARCH_PATHS = "$(inherited) @executable_path/Frameworks";
				LIBRARY_SEARCH_PATHS = (
					"$(inherited)",
					"$(PROJECT_DIR)/NN/Weixin",
					"$(PROJECT_DIR)/NN",
					"$(PROJECT_DIR)/NN/VoiceConvert/lib",
				);
				OTHER_LDFLAGS = (
					"-all_load",
					"-Objc",
				);
				PRODUCT_BUNDLE_IDENTIFIER = com.zdx.NN;
				PRODUCT_NAME = "$(TARGET_NAME)";
				SWIFT_OBJC_BRIDGING_HEADER = "NN-Bridging-Header.h";
				SWIFT_VERSION = 3.0;
			};
			name = Release;
		};
/* End XCBuildConfiguration section */

/* Begin XCConfigurationList section */
		2603D9321EADC8D20069B132 /* Build configuration list for PBXProject "NN" */ = {
			isa = XCConfigurationList;
			buildConfigurations = (
				2603D9471EADC8D20069B132 /* Debug */,
				2603D9481EADC8D20069B132 /* Release */,
			);
			defaultConfigurationIsVisible = 0;
			defaultConfigurationName = Release;
		};
		2603D9491EADC8D20069B132 /* Build configuration list for PBXNativeTarget "NN" */ = {
			isa = XCConfigurationList;
			buildConfigurations = (
				2603D94A1EADC8D20069B132 /* Debug */,
				2603D94B1EADC8D20069B132 /* Release */,
			);
			defaultConfigurationIsVisible = 0;
			defaultConfigurationName = Release;
		};
/* End XCConfigurationList section */
	};
	rootObject = 2603D92F1EADC8D20069B132 /* Project object */;
}
